// !$*UTF8*$!
{
	archiveVersion = 1;
	classes = {
	};
	objectVersion = 46;
	objects = {

/* Begin PBXBuildFile section */
		0E24C25615CF06F200241526 /* opengl.cpp in Sources */ = {isa = PBXBuildFile; fileRef = 0E24C25515CF06F200241526 /* opengl.cpp */; };
		0E24C25A15CF075A00241526 /* btree_unit_test.cpp in Sources */ = {isa = PBXBuildFile; fileRef = 0E24C25815CF075A00241526 /* btree_unit_test.cpp */; };
		0E4F22FE15CD31B7007CFDB5 /* zoopark.1 in CopyFiles */ = {isa = PBXBuildFile; fileRef = 0E4F22FD15CD31B7007CFDB5 /* zoopark.1 */; };
		0E4F230A15CD3466007CFDB5 /* main.cpp in Sources */ = {isa = PBXBuildFile; fileRef = 0E4F230915CD3466007CFDB5 /* main.cpp */; };
		0E4F230C15CD35B5007CFDB5 /* GLUT.framework in Frameworks */ = {isa = PBXBuildFile; fileRef = 0E4F230B15CD35B5007CFDB5 /* GLUT.framework */; };
		0E4F230E15CD35C5007CFDB5 /* OpenGL.framework in Frameworks */ = {isa = PBXBuildFile; fileRef = 0E4F230D15CD35C5007CFDB5 /* OpenGL.framework */; };
/* End PBXBuildFile section */

/* Begin PBXCopyFilesBuildPhase section */
		0E4F22F515CD31B7007CFDB5 /* CopyFiles */ = {
			isa = PBXCopyFilesBuildPhase;
			buildActionMask = 2147483647;
			dstPath = /usr/share/man/man1/;
			dstSubfolderSpec = 0;
			files = (
				0E4F22FE15CD31B7007CFDB5 /* zoopark.1 in CopyFiles */,
			);
			runOnlyForDeploymentPostprocessing = 1;
		};
/* End PBXCopyFilesBuildPhase section */

/* Begin PBXFileReference section */
		0E24C25415CF06E700241526 /* opengl.h */ = {isa = PBXFileReference; fileEncoding = 4; lastKnownFileType = sourcecode.c.h; name = opengl.h; path = opengl/opengl.h; sourceTree = "<group>"; };
		0E24C25515CF06F200241526 /* opengl.cpp */ = {isa = PBXFileReference; fileEncoding = 4; lastKnownFileType = sourcecode.cpp.cpp; name = opengl.cpp; path = opengl/opengl.cpp; sourceTree = "<group>"; };
		0E24C25815CF075A00241526 /* btree_unit_test.cpp */ = {isa = PBXFileReference; fileEncoding = 4; lastKnownFileType = sourcecode.cpp.cpp; name = btree_unit_test.cpp; path = btree/btree_unit_test.cpp; sourceTree = "<group>"; };
		0E24C25915CF075A00241526 /* btree.h */ = {isa = PBXFileReference; fileEncoding = 4; lastKnownFileType = sourcecode.c.h; name = btree.h; path = btree/btree.h; sourceTree = "<group>"; };
		0E4F22F715CD31B7007CFDB5 /* zoopark */ = {isa = PBXFileReference; explicitFileType = "compiled.mach-o.executable"; includeInIndex = 0; path = zoopark; sourceTree = BUILT_PRODUCTS_DIR; };
		0E4F22FD15CD31B7007CFDB5 /* zoopark.1 */ = {isa = PBXFileReference; lastKnownFileType = text.man; path = zoopark.1; sourceTree = "<group>"; };
		0E4F230915CD3466007CFDB5 /* main.cpp */ = {isa = PBXFileReference; fileEncoding = 4; lastKnownFileType = sourcecode.cpp.cpp; path = main.cpp; sourceTree = "<group>"; };
		0E4F230B15CD35B5007CFDB5 /* GLUT.framework */ = {isa = PBXFileReference; lastKnownFileType = wrapper.framework; name = GLUT.framework; path = System/Library/Frameworks/GLUT.framework; sourceTree = SDKROOT; };
		0E4F230D15CD35C5007CFDB5 /* OpenGL.framework */ = {isa = PBXFileReference; lastKnownFileType = wrapper.framework; name = OpenGL.framework; path = System/Library/Frameworks/OpenGL.framework; sourceTree = SDKROOT; };
/* End PBXFileReference section */

/* Begin PBXFrameworksBuildPhase section */
		0E4F22F415CD31B7007CFDB5 /* Frameworks */ = {
			isa = PBXFrameworksBuildPhase;
			buildActionMask = 2147483647;
			files = (
				0E4F230E15CD35C5007CFDB5 /* OpenGL.framework in Frameworks */,
				0E4F230C15CD35B5007CFDB5 /* GLUT.framework in Frameworks */,
			);
			runOnlyForDeploymentPostprocessing = 0;
		};
/* End PBXFrameworksBuildPhase section */

/* Begin PBXGroup section */
		0E24C25315CF06D200241526 /* opengl */ = {
			isa = PBXGroup;
			children = (
				0E24C25515CF06F200241526 /* opengl.cpp */,
				0E24C25415CF06E700241526 /* opengl.h */,
			);
			name = opengl;
			sourceTree = "<group>";
		};
		0E24C25715CF070200241526 /* btree */ = {
			isa = PBXGroup;
			children = (
				0E24C25815CF075A00241526 /* btree_unit_test.cpp */,
				0E24C25915CF075A00241526 /* btree.h */,
			);
			name = btree;
			sourceTree = "<group>";
		};
		0E4F22EC15CD31B7007CFDB5 = {
			isa = PBXGroup;
			children = (
				0E4F230D15CD35C5007CFDB5 /* OpenGL.framework */,
				0E4F230B15CD35B5007CFDB5 /* GLUT.framework */,
				0E4F22FA15CD31B7007CFDB5 /* zoopark */,
				0E4F22F815CD31B7007CFDB5 /* Products */,
			);
			sourceTree = "<group>";
		};
		0E4F22F815CD31B7007CFDB5 /* Products */ = {
			isa = PBXGroup;
			children = (
				0E4F22F715CD31B7007CFDB5 /* zoopark */,
			);
			name = Products;
			sourceTree = "<group>";
		};
		0E4F22FA15CD31B7007CFDB5 /* zoopark */ = {
			isa = PBXGroup;
			children = (
				0E24C25715CF070200241526 /* btree */,
				0E24C25315CF06D200241526 /* opengl */,
				0E4F230915CD3466007CFDB5 /* main.cpp */,
				0E4F22FD15CD31B7007CFDB5 /* zoopark.1 */,
			);
			path = zoopark;
			sourceTree = "<group>";
		};
/* End PBXGroup section */

/* Begin PBXNativeTarget section */
		0E4F22F615CD31B7007CFDB5 /* zoopark */ = {
			isa = PBXNativeTarget;
			buildConfigurationList = 0E4F230115CD31B7007CFDB5 /* Build configuration list for PBXNativeTarget "zoopark" */;
			buildPhases = (
				0E4F22F315CD31B7007CFDB5 /* Sources */,
				0E4F22F415CD31B7007CFDB5 /* Frameworks */,
				0E4F22F515CD31B7007CFDB5 /* CopyFiles */,
			);
			buildRules = (
			);
			dependencies = (
			);
			name = zoopark;
			productName = zoopark;
			productReference = 0E4F22F715CD31B7007CFDB5 /* zoopark */;
			productType = "com.apple.product-type.tool";
		};
/* End PBXNativeTarget section */

/* Begin PBXProject section */
		0E4F22EE15CD31B7007CFDB5 /* Project object */ = {
			isa = PBXProject;
			attributes = {
				LastUpgradeCheck = 0440;
				ORGANIZATIONNAME = "Simon Bosley";
			};
			buildConfigurationList = 0E4F22F115CD31B7007CFDB5 /* Build configuration list for PBXProject "zoopark" */;
			compatibilityVersion = "Xcode 3.2";
			developmentRegion = English;
			hasScannedForEncodings = 0;
			knownRegions = (
				en,
			);
			mainGroup = 0E4F22EC15CD31B7007CFDB5;
			productRefGroup = 0E4F22F815CD31B7007CFDB5 /* Products */;
			projectDirPath = "";
			projectRoot = "";
			targets = (
				0E4F22F615CD31B7007CFDB5 /* zoopark */,
			);
		};
/* End PBXProject section */

/* Begin PBXSourcesBuildPhase section */
		0E4F22F315CD31B7007CFDB5 /* Sources */ = {
			isa = PBXSourcesBuildPhase;
			buildActionMask = 2147483647;
			files = (
				0E4F230A15CD3466007CFDB5 /* main.cpp in Sources */,
				0E24C25615CF06F200241526 /* opengl.cpp in Sources */,
				0E24C25A15CF075A00241526 /* btree_unit_test.cpp in Sources */,
			);
			runOnlyForDeploymentPostprocessing = 0;
		};
/* End PBXSourcesBuildPhase section */

/* Begin XCBuildConfiguration section */
		0E4F22FF15CD31B7007CFDB5 /* Debug */ = {
			isa = XCBuildConfiguration;
			buildSettings = {
				ALWAYS_SEARCH_USER_PATHS = NO;
				ARCHS = "$(ARCHS_STANDARD_64_BIT)";
				CLANG_CXX_LANGUAGE_STANDARD = "gnu++0x";
				CLANG_WARN__DUPLICATE_METHOD_MATCH = YES;
				COPY_PHASE_STRIP = NO;
				GCC_C_LANGUAGE_STANDARD = gnu99;
				GCC_DYNAMIC_NO_PIC = NO;
				GCC_ENABLE_OBJC_EXCEPTIONS = YES;
				GCC_OPTIMIZATION_LEVEL = 0;
				GCC_PREPROCESSOR_DEFINITIONS = (
					"DEBUG=1",
					"TARGET_MAC_OS=1",
					"$(inherited)",
				);
				GCC_SYMBOLS_PRIVATE_EXTERN = NO;
				GCC_WARN_64_TO_32_BIT_CONVERSION = YES;
				GCC_WARN_ABOUT_RETURN_TYPE = YES;
				GCC_WARN_UNINITIALIZED_AUTOS = YES;
				GCC_WARN_UNUSED_VARIABLE = YES;
				MACOSX_DEPLOYMENT_TARGET = 10.7;
				ONLY_ACTIVE_ARCH = YES;
				Platform = "TARGET_OS_MAC=1";
				SDKROOT = macosx;
			};
			name = Debug;
		};
		0E4F230015CD31B7007CFDB5 /* Release */ = {
			isa = XCBuildConfiguration;
			buildSettings = {
				ALWAYS_SEARCH_USER_PATHS = NO;
				ARCHS = "$(ARCHS_STANDARD_64_BIT)";
				CLANG_CXX_LANGUAGE_STANDARD = "gnu++0x";
				CLANG_WARN__DUPLICATE_METHOD_MATCH = YES;
				COPY_PHASE_STRIP = YES;
				DEBUG_INFORMATION_FORMAT = "dwarf-with-dsym";
				GCC_C_LANGUAGE_STANDARD = gnu99;
				GCC_ENABLE_OBJC_EXCEPTIONS = YES;
				GCC_PREPROCESSOR_DEFINITIONS = "TARGET_MAC_OS=1";
				GCC_WARN_64_TO_32_BIT_CONVERSION = YES;
				GCC_WARN_ABOUT_RETURN_TYPE = YES;
				GCC_WARN_UNINITIALIZED_AUTOS = YES;
				GCC_WARN_UNUSED_VARIABLE = YES;
				MACOSX_DEPLOYMENT_TARGET = 10.7;
				Platform = "TARGET_OS_MAC=1";
				SDKROOT = macosx;
			};
			name = Release;
		};
		0E4F230215CD31B7007CFDB5 /* Debug */ = {
			isa = XCBuildConfiguration;
			buildSettings = {
				PRODUCT_NAME = "$(TARGET_NAME)";
			};
			name = Debug;
		};
		0E4F230315CD31B7007CFDB5 /* Release */ = {
			isa = XCBuildConfiguration;
			buildSettings = {
				PRODUCT_NAME = "$(TARGET_NAME)";
			};
			name = Release;
		};
/* End XCBuildConfiguration section */

/* Begin XCConfigurationList section */
		0E4F22F115CD31B7007CFDB5 /* Build configuration list for PBXProject "zoopark" */ = {
			isa = XCConfigurationList;
			buildConfigurations = (
				0E4F22FF15CD31B7007CFDB5 /* Debug */,
				0E4F230015CD31B7007CFDB5 /* Release */,
			);
			defaultConfigurationIsVisible = 0;
			defaultConfigurationName = Release;
		};
		0E4F230115CD31B7007CFDB5 /* Build configuration list for PBXNativeTarget "zoopark" */ = {
			isa = XCConfigurationList;
			buildConfigurations = (
				0E4F230215CD31B7007CFDB5 /* Debug */,
				0E4F230315CD31B7007CFDB5 /* Release */,
			);
			defaultConfigurationIsVisible = 0;
			defaultConfigurationName = Release;
		};
/* End XCConfigurationList section */
	};
	rootObject = 0E4F22EE15CD31B7007CFDB5 /* Project object */;
}
